
Microsoft Visual Studio Solution File, Format Version 12.00
# Visual Studio Version 16
VisualStudioVersion = 16.0.31019.35
MinimumVisualStudioVersion = 10.0.40219.1
Project("{FAE04EC0-301F-11D3-BF4B-00C04F79EFBC}") = "SocialNetworkAPI", "SocialNetworkAPI\SocialNetworkAPI.csproj", "{9BF6B17A-DCC5-44A1-8CB3-E00848F1A9FB}"
EndProject
Global
	GlobalSection(SolutionConfigurationPlatforms) = preSolution
		Debug|Any CPU = Debug|Any CPU
		Release|Any CPU = Release|Any CPU
	EndGlobalSection
	GlobalSection(ProjectConfigurationPlatforms) = postSolution
		{9BF6B17A-DCC5-44A1-8CB3-E00848F1A9FB}.Debug|Any CPU.ActiveCfg = Debug|Any CPU
		{9BF6B17A-DCC5-44A1-8CB3-E00848F1A9FB}.Debug|Any CPU.Build.0 = Debug|Any CPU
		{9BF6B17A-DCC5-44A1-8CB3-E00848F1A9FB}.Release|Any CPU.ActiveCfg = Release|Any CPU
		{9BF6B17A-DCC5-44A1-8CB3-E00848F1A9FB}.Release|Any CPU.Build.0 = Release|Any CPU
	EndGlobalSection
	GlobalSection(SolutionProperties) = preSolution
		HideSolutionNode = FALSE
	EndGlobalSection
	GlobalSection(ExtensibilityGlobals) = postSolution
		SolutionGuid = {DC0C704F-5A35-4D00-A79F-1417FE08D040}
	EndGlobalSection
EndGlobal
